// !$*UTF8*$!
{
	archiveVersion = 1;
	classes = {
	};
	objectVersion = 46;
	objects = {

/* Begin PBXBuildFile section */
		0D70C8631967CFA10068CF18 /* main.m in Sources */ = {isa = PBXBuildFile; fileRef = 0D70C8621967CFA10068CF18 /* main.m */; };
		0D70C8661967CFA10068CF18 /* AppDelegate.m in Sources */ = {isa = PBXBuildFile; fileRef = 0D70C8651967CFA10068CF18 /* AppDelegate.m */; };
		0D70C8681967CFA10068CF18 /* Images.xcassets in Resources */ = {isa = PBXBuildFile; fileRef = 0D70C8671967CFA10068CF18 /* Images.xcassets */; };
		0D70C8741967CFA10068CF18 /* PanImageTests.m in Sources */ = {isa = PBXBuildFile; fileRef = 0D70C8731967CFA10068CF18 /* PanImageTests.m */; };
		0D70C8811967D14B0068CF18 /* PanImage.m in Sources */ = {isa = PBXBuildFile; fileRef = 0D70C8801967D14B0068CF18 /* PanImage.m */; };
		0D70C8821967D14B0068CF18 /* PanImage.m in Sources */ = {isa = PBXBuildFile; fileRef = 0D70C8801967D14B0068CF18 /* PanImage.m */; };
		0D70C8851967D1690068CF18 /* MainVC.m in Sources */ = {isa = PBXBuildFile; fileRef = 0D70C8841967D1690068CF18 /* MainVC.m */; };
		0D70C8861967D1690068CF18 /* MainVC.m in Sources */ = {isa = PBXBuildFile; fileRef = 0D70C8841967D1690068CF18 /* MainVC.m */; };
		0D70C8881967D3BA0068CF18 /* blur@2x.jpg in Resources */ = {isa = PBXBuildFile; fileRef = 0D70C8871967D3BA0068CF18 /* blur@2x.jpg */; };
		0D70C8891967D3BA0068CF18 /* blur@2x.jpg in Resources */ = {isa = PBXBuildFile; fileRef = 0D70C8871967D3BA0068CF18 /* blur@2x.jpg */; };
/* End PBXBuildFile section */

/* Begin PBXContainerItemProxy section */
		0D70C86E1967CFA10068CF18 /* PBXContainerItemProxy */ = {
			isa = PBXContainerItemProxy;
			containerPortal = 0D70C8551967CFA10068CF18 /* Project object */;
			proxyType = 1;
			remoteGlobalIDString = 0D70C85C1967CFA10068CF18;
			remoteInfo = PanImage;
		};
/* End PBXContainerItemProxy section */

/* Begin PBXFileReference section */
		0D70C85D1967CFA10068CF18 /* PanImage.app */ = {isa = PBXFileReference; explicitFileType = wrapper.application; includeInIndex = 0; path = PanImage.app; sourceTree = BUILT_PRODUCTS_DIR; };
		0D70C8611967CFA10068CF18 /* Info.plist */ = {isa = PBXFileReference; lastKnownFileType = text.plist.xml; path = Info.plist; sourceTree = "<group>"; };
		0D70C8621967CFA10068CF18 /* main.m */ = {isa = PBXFileReference; lastKnownFileType = sourcecode.c.objc; path = main.m; sourceTree = "<group>"; };
		0D70C8641967CFA10068CF18 /* AppDelegate.h */ = {isa = PBXFileReference; lastKnownFileType = sourcecode.c.h; path = AppDelegate.h; sourceTree = "<group>"; };
		0D70C8651967CFA10068CF18 /* AppDelegate.m */ = {isa = PBXFileReference; lastKnownFileType = sourcecode.c.objc; path = AppDelegate.m; sourceTree = "<group>"; };
		0D70C8671967CFA10068CF18 /* Images.xcassets */ = {isa = PBXFileReference; lastKnownFileType = folder.assetcatalog; path = Images.xcassets; sourceTree = "<group>"; };
		0D70C86D1967CFA10068CF18 /* PanImageTests.xctest */ = {isa = PBXFileReference; explicitFileType = wrapper.cfbundle; includeInIndex = 0; path = PanImageTests.xctest; sourceTree = BUILT_PRODUCTS_DIR; };
		0D70C8721967CFA10068CF18 /* Info.plist */ = {isa = PBXFileReference; lastKnownFileType = text.plist.xml; path = Info.plist; sourceTree = "<group>"; };
		0D70C8731967CFA10068CF18 /* PanImageTests.m */ = {isa = PBXFileReference; lastKnownFileType = sourcecode.c.objc; path = PanImageTests.m; sourceTree = "<group>"; };
		0D70C87D1967D02A0068CF18 /* PrefixHeader.pch */ = {isa = PBXFileReference; fileEncoding = 4; lastKnownFileType = sourcecode.c.h; path = PrefixHeader.pch; sourceTree = "<group>"; };
		0D70C87E1967D02A0068CF18 /* Utility.h */ = {isa = PBXFileReference; fileEncoding = 4; lastKnownFileType = sourcecode.c.h; path = Utility.h; sourceTree = "<group>"; };
		0D70C87F1967D14B0068CF18 /* PanImage.h */ = {isa = PBXFileReference; fileEncoding = 4; lastKnownFileType = sourcecode.c.h; path = PanImage.h; sourceTree = "<group>"; };
		0D70C8801967D14B0068CF18 /* PanImage.m */ = {isa = PBXFileReference; fileEncoding = 4; lastKnownFileType = sourcecode.c.objc; path = PanImage.m; sourceTree = "<group>"; };
		0D70C8831967D1690068CF18 /* MainVC.h */ = {isa = PBXFileReference; fileEncoding = 4; lastKnownFileType = sourcecode.c.h; path = MainVC.h; sourceTree = "<group>"; };
		0D70C8841967D1690068CF18 /* MainVC.m */ = {isa = PBXFileReference; fileEncoding = 4; lastKnownFileType = sourcecode.c.objc; path = MainVC.m; sourceTree = "<group>"; };
		0D70C8871967D3BA0068CF18 /* blur@2x.jpg */ = {isa = PBXFileReference; lastKnownFileType = image.jpeg; path = "blur@2x.jpg"; sourceTree = "<group>"; };
/* End PBXFileReference section */

/* Begin PBXFrameworksBuildPhase section */
		0D70C85A1967CFA10068CF18 /* Frameworks */ = {
			isa = PBXFrameworksBuildPhase;
			buildActionMask = 2147483647;
			files = (
			);
			runOnlyForDeploymentPostprocessing = 0;
		};
		0D70C86A1967CFA10068CF18 /* Frameworks */ = {
			isa = PBXFrameworksBuildPhase;
			buildActionMask = 2147483647;
			files = (
			);
			runOnlyForDeploymentPostprocessing = 0;
		};
/* End PBXFrameworksBuildPhase section */

/* Begin PBXGroup section */
		0D70C8541967CFA10068CF18 = {
			isa = PBXGroup;
			children = (
				0D70C8871967D3BA0068CF18 /* blur@2x.jpg */,
				0D70C85F1967CFA10068CF18 /* PanImage */,
				0D70C8701967CFA10068CF18 /* PanImageTests */,
				0D70C85E1967CFA10068CF18 /* Products */,
			);
			sourceTree = "<group>";
		};
		0D70C85E1967CFA10068CF18 /* Products */ = {
			isa = PBXGroup;
			children = (
				0D70C85D1967CFA10068CF18 /* PanImage.app */,
				0D70C86D1967CFA10068CF18 /* PanImageTests.xctest */,
			);
			name = Products;
			sourceTree = "<group>";
		};
		0D70C85F1967CFA10068CF18 /* PanImage */ = {
			isa = PBXGroup;
			children = (
				0D70C8641967CFA10068CF18 /* AppDelegate.h */,
				0D70C8651967CFA10068CF18 /* AppDelegate.m */,
				0D70C8831967D1690068CF18 /* MainVC.h */,
				0D70C8841967D1690068CF18 /* MainVC.m */,
				0D70C87F1967D14B0068CF18 /* PanImage.h */,
				0D70C8801967D14B0068CF18 /* PanImage.m */,
				0D70C8671967CFA10068CF18 /* Images.xcassets */,
				0D70C8601967CFA10068CF18 /* Supporting Files */,
			);
			path = PanImage;
			sourceTree = "<group>";
		};
		0D70C8601967CFA10068CF18 /* Supporting Files */ = {
			isa = PBXGroup;
			children = (
				0D70C87D1967D02A0068CF18 /* PrefixHeader.pch */,
				0D70C87E1967D02A0068CF18 /* Utility.h */,
				0D70C8611967CFA10068CF18 /* Info.plist */,
				0D70C8621967CFA10068CF18 /* main.m */,
			);
			name = "Supporting Files";
			sourceTree = "<group>";
		};
		0D70C8701967CFA10068CF18 /* PanImageTests */ = {
			isa = PBXGroup;
			children = (
				0D70C8731967CFA10068CF18 /* PanImageTests.m */,
				0D70C8711967CFA10068CF18 /* Supporting Files */,
			);
			path = PanImageTests;
			sourceTree = "<group>";
		};
		0D70C8711967CFA10068CF18 /* Supporting Files */ = {
			isa = PBXGroup;
			children = (
				0D70C8721967CFA10068CF18 /* Info.plist */,
			);
			name = "Supporting Files";
			sourceTree = "<group>";
		};
/* End PBXGroup section */

/* Begin PBXNativeTarget section */
		0D70C85C1967CFA10068CF18 /* PanImage */ = {
			isa = PBXNativeTarget;
			buildConfigurationList = 0D70C8771967CFA10068CF18 /* Build configuration list for PBXNativeTarget "PanImage" */;
			buildPhases = (
				0D70C8591967CFA10068CF18 /* Sources */,
				0D70C85A1967CFA10068CF18 /* Frameworks */,
				0D70C85B1967CFA10068CF18 /* Resources */,
			);
			buildRules = (
			);
			dependencies = (
			);
			name = PanImage;
			productName = PanImage;
			productReference = 0D70C85D1967CFA10068CF18 /* PanImage.app */;
			productType = "com.apple.product-type.application";
		};
		0D70C86C1967CFA10068CF18 /* PanImageTests */ = {
			isa = PBXNativeTarget;
			buildConfigurationList = 0D70C87A1967CFA10068CF18 /* Build configuration list for PBXNativeTarget "PanImageTests" */;
			buildPhases = (
				0D70C8691967CFA10068CF18 /* Sources */,
				0D70C86A1967CFA10068CF18 /* Frameworks */,
				0D70C86B1967CFA10068CF18 /* Resources */,
			);
			buildRules = (
			);
			dependencies = (
				0D70C86F1967CFA10068CF18 /* PBXTargetDependency */,
			);
			name = PanImageTests;
			productName = PanImageTests;
			productReference = 0D70C86D1967CFA10068CF18 /* PanImageTests.xctest */;
			productType = "com.apple.product-type.bundle.unit-test";
		};
/* End PBXNativeTarget section */

/* Begin PBXProject section */
		0D70C8551967CFA10068CF18 /* Project object */ = {
			isa = PBXProject;
			attributes = {
				LastUpgradeCheck = 0600;
				ORGANIZATIONNAME = "The IronhEaD Initiative";
				TargetAttributes = {
					0D70C85C1967CFA10068CF18 = {
						CreatedOnToolsVersion = 6.0;
					};
					0D70C86C1967CFA10068CF18 = {
						CreatedOnToolsVersion = 6.0;
						TestTargetID = 0D70C85C1967CFA10068CF18;
					};
				};
			};
			buildConfigurationList = 0D70C8581967CFA10068CF18 /* Build configuration list for PBXProject "PanImage" */;
			compatibilityVersion = "Xcode 3.2";
			developmentRegion = English;
			hasScannedForEncodings = 0;
			knownRegions = (
				en,
			);
			mainGroup = 0D70C8541967CFA10068CF18;
			productRefGroup = 0D70C85E1967CFA10068CF18 /* Products */;
			projectDirPath = "";
			projectRoot = "";
			targets = (
				0D70C85C1967CFA10068CF18 /* PanImage */,
				0D70C86C1967CFA10068CF18 /* PanImageTests */,
			);
		};
/* End PBXProject section */

/* Begin PBXResourcesBuildPhase section */
		0D70C85B1967CFA10068CF18 /* Resources */ = {
			isa = PBXResourcesBuildPhase;
			buildActionMask = 2147483647;
			files = (
				0D70C8681967CFA10068CF18 /* Images.xcassets in Resources */,
				0D70C8881967D3BA0068CF18 /* blur@2x.jpg in Resources */,
			);
			runOnlyForDeploymentPostprocessing = 0;
		};
		0D70C86B1967CFA10068CF18 /* Resources */ = {
			isa = PBXResourcesBuildPhase;
			buildActionMask = 2147483647;
			files = (
				0D70C8891967D3BA0068CF18 /* blur@2x.jpg in Resources */,
			);
			runOnlyForDeploymentPostprocessing = 0;
		};
/* End PBXResourcesBuildPhase section */

/* Begin PBXSourcesBuildPhase section */
		0D70C8591967CFA10068CF18 /* Sources */ = {
			isa = PBXSourcesBuildPhase;
			buildActionMask = 2147483647;
			files = (
				0D70C8661967CFA10068CF18 /* AppDelegate.m in Sources */,
				0D70C8851967D1690068CF18 /* MainVC.m in Sources */,
				0D70C8811967D14B0068CF18 /* PanImage.m in Sources */,
				0D70C8631967CFA10068CF18 /* main.m in Sources */,
			);
			runOnlyForDeploymentPostprocessing = 0;
		};
		0D70C8691967CFA10068CF18 /* Sources */ = {
			isa = PBXSourcesBuildPhase;
			buildActionMask = 2147483647;
			files = (
				0D70C8861967D1690068CF18 /* MainVC.m in Sources */,
				0D70C8741967CFA10068CF18 /* PanImageTests.m in Sources */,
				0D70C8821967D14B0068CF18 /* PanImage.m in Sources */,
			);
			runOnlyForDeploymentPostprocessing = 0;
		};
/* End PBXSourcesBuildPhase section */

/* Begin PBXTargetDependency section */
		0D70C86F1967CFA10068CF18 /* PBXTargetDependency */ = {
			isa = PBXTargetDependency;
			target = 0D70C85C1967CFA10068CF18 /* PanImage */;
			targetProxy = 0D70C86E1967CFA10068CF18 /* PBXContainerItemProxy */;
		};
/* End PBXTargetDependency section */

/* Begin XCBuildConfiguration section */
		0D70C8751967CFA10068CF18 /* Debug */ = {
			isa = XCBuildConfiguration;
			buildSettings = {
				ALWAYS_SEARCH_USER_PATHS = NO;
				CLANG_CXX_LANGUAGE_STANDARD = "gnu++0x";
				CLANG_CXX_LIBRARY = "libc++";
				CLANG_ENABLE_MODULES = YES;
				CLANG_ENABLE_OBJC_ARC = YES;
				CLANG_WARN_BOOL_CONVERSION = YES;
				CLANG_WARN_CONSTANT_CONVERSION = YES;
				CLANG_WARN_DIRECT_OBJC_ISA_USAGE = YES_ERROR;
				CLANG_WARN_EMPTY_BODY = YES;
				CLANG_WARN_ENUM_CONVERSION = YES;
				CLANG_WARN_INT_CONVERSION = YES;
				CLANG_WARN_OBJC_ROOT_CLASS = YES_ERROR;
				CLANG_WARN_UNREACHABLE_CODE = YES;
				CLANG_WARN__DUPLICATE_METHOD_MATCH = YES;
				"CODE_SIGN_IDENTITY[sdk=iphoneos*]" = "iPhone Developer";
				COPY_PHASE_STRIP = NO;
				ENABLE_STRICT_OBJC_MSGSEND = YES;
				GCC_C_LANGUAGE_STANDARD = gnu99;
				GCC_DYNAMIC_NO_PIC = NO;
				GCC_OPTIMIZATION_LEVEL = 0;
				GCC_PREPROCESSOR_DEFINITIONS = (
					"DEBUG=1",
					"$(inherited)",
				);
				GCC_SYMBOLS_PRIVATE_EXTERN = NO;
				GCC_WARN_64_TO_32_BIT_CONVERSION = YES;
				GCC_WARN_ABOUT_RETURN_TYPE = YES_ERROR;
				GCC_WARN_UNDECLARED_SELECTOR = YES;
				GCC_WARN_UNINITIALIZED_AUTOS = YES_AGGRESSIVE;
				GCC_WARN_UNUSED_FUNCTION = YES;
				GCC_WARN_UNUSED_VARIABLE = YES;
				IPHONEOS_DEPLOYMENT_TARGET = 8.0;
				METAL_ENABLE_DEBUG_INFO = YES;
				ONLY_ACTIVE_ARCH = YES;
				SDKROOT = iphoneos;
				TARGETED_DEVICE_FAMILY = "1,2";
			};
			name = Debug;
		};
		0D70C8761967CFA10068CF18 /* Release */ = {
			isa = XCBuildConfiguration;
			buildSettings = {
				ALWAYS_SEARCH_USER_PATHS = NO;
				CLANG_CXX_LANGUAGE_STANDARD = "gnu++0x";
				CLANG_CXX_LIBRARY = "libc++";
				CLANG_ENABLE_MODULES = YES;
				CLANG_ENABLE_OBJC_ARC = YES;
				CLANG_WARN_BOOL_CONVERSION = YES;
				CLANG_WARN_CONSTANT_CONVERSION = YES;
				CLANG_WARN_DIRECT_OBJC_ISA_USAGE = YES_ERROR;
				CLANG_WARN_EMPTY_BODY = YES;
				CLANG_WARN_ENUM_CONVERSION = YES;
				CLANG_WARN_INT_CONVERSION = YES;
				CLANG_WARN_OBJC_ROOT_CLASS = YES_ERROR;
				CLANG_WARN_UNREACHABLE_CODE = YES;
				CLANG_WARN__DUPLICATE_METHOD_MATCH = YES;
				"CODE_SIGN_IDENTITY[sdk=iphoneos*]" = "iPhone Developer";
				COPY_PHASE_STRIP = YES;
				ENABLE_NS_ASSERTIONS = NO;
				ENABLE_STRICT_OBJC_MSGSEND = YES;
				GCC_C_LANGUAGE_STANDARD = gnu99;
				GCC_WARN_64_TO_32_BIT_CONVERSION = YES;
				GCC_WARN_ABOUT_RETURN_TYPE = YES_ERROR;
				GCC_WARN_UNDECLARED_SELECTOR = YES;
				GCC_WARN_UNINITIALIZED_AUTOS = YES_AGGRESSIVE;
				GCC_WARN_UNUSED_FUNCTION = YES;
				GCC_WARN_UNUSED_VARIABLE = YES;
				IPHONEOS_DEPLOYMENT_TARGET = 8.0;
				METAL_ENABLE_DEBUG_INFO = NO;
				SDKROOT = iphoneos;
				TARGETED_DEVICE_FAMILY = "1,2";
				VALIDATE_PRODUCT = YES;
			};
			name = Release;
		};
		0D70C8781967CFA10068CF18 /* Debug */ = {
			isa = XCBuildConfiguration;
			buildSettings = {
				ASSETCATALOG_COMPILER_APPICON_NAME = AppIcon;
				ASSETCATALOG_COMPILER_LAUNCHIMAGE_NAME = LaunchImage;
				GCC_PREFIX_HEADER = /Users/ecs2120/Desktop/TouchandGestureDemos/PanImage/PanImage/PrefixHeader.pch;
				INFOPLIST_FILE = PanImage/Info.plist;
				LD_RUNPATH_SEARCH_PATHS = "$(inherited) @executable_path/Frameworks";
				PRODUCT_NAME = "$(TARGET_NAME)";
			};
			name = Debug;
		};
		0D70C8791967CFA10068CF18 /* Release */ = {
			isa = XCBuildConfiguration;
			buildSettings = {
				ASSETCATALOG_COMPILER_APPICON_NAME = AppIcon;
				ASSETCATALOG_COMPILER_LAUNCHIMAGE_NAME = LaunchImage;
				GCC_PREFIX_HEADER = /Users/ecs2120/Desktop/TouchandGestureDemos/PanImage/PanImage/PrefixHeader.pch;
				INFOPLIST_FILE = PanImage/Info.plist;
				LD_RUNPATH_SEARCH_PATHS = "$(inherited) @executable_path/Frameworks";
				PRODUCT_NAME = "$(TARGET_NAME)";
			};
			name = Release;
		};
		0D70C87B1967CFA10068CF18 /* Debug */ = {
			isa = XCBuildConfiguration;
			buildSettings = {
				BUNDLE_LOADER = "$(BUILT_PRODUCTS_DIR)/PanImage.app/PanImage";
				FRAMEWORK_SEARCH_PATHS = (
					"$(SDKROOT)/Developer/Library/Frameworks",
					"$(inherited)",
				);
				GCC_PREPROCESSOR_DEFINITIONS = (
					"DEBUG=1",
					"$(inherited)",
				);
				INFOPLIST_FILE = PanImageTests/Info.plist;
				LD_RUNPATH_SEARCH_PATHS = "$(inherited) @executable_path/Frameworks @loader_path/Frameworks";
				METAL_ENABLE_DEBUG_INFO = YES;
				PRODUCT_NAME = "$(TARGET_NAME)";
				TEST_HOST = "$(BUNDLE_LOADER)";
			};
			name = Debug;
		};
		0D70C87C1967CFA10068CF18 /* Release */ = {
			isa = XCBuildConfiguration;
			buildSettings = {
				BUNDLE_LOADER = "$(BUILT_PRODUCTS_DIR)/PanImage.app/PanImage";
				FRAMEWORK_SEARCH_PATHS = (
					"$(SDKROOT)/Developer/Library/Frameworks",
					"$(inherited)",
				);
				INFOPLIST_FILE = PanImageTests/Info.plist;
				LD_RUNPATH_SEARCH_PATHS = "$(inherited) @executable_path/Frameworks @loader_path/Frameworks";
				METAL_ENABLE_DEBUG_INFO = NO;
				PRODUCT_NAME = "$(TARGET_NAME)";
				TEST_HOST = "$(BUNDLE_LOADER)";
			};
			name = Release;
		};
/* End XCBuildConfiguration section */

/* Begin XCConfigurationList section */
		0D70C8581967CFA10068CF18 /* Build configuration list for PBXProject "PanImage" */ = {
			isa = XCConfigurationList;
			buildConfigurations = (
				0D70C8751967CFA10068CF18 /* Debug */,
				0D70C8761967CFA10068CF18 /* Release */,
			);
			defaultConfigurationIsVisible = 0;
			defaultConfigurationName = Release;
		};
		0D70C8771967CFA10068CF18 /* Build configuration list for PBXNativeTarget "PanImage" */ = {
			isa = XCConfigurationList;
			buildConfigurations = (
				0D70C8781967CFA10068CF18 /* Debug */,
				0D70C8791967CFA10068CF18 /* Release */,
			);
			defaultConfigurationIsVisible = 0;
		};
		0D70C87A1967CFA10068CF18 /* Build configuration list for PBXNativeTarget "PanImageTests" */ = {
			isa = XCConfigurationList;
			buildConfigurations = (
				0D70C87B1967CFA10068CF18 /* Debug */,
				0D70C87C1967CFA10068CF18 /* Release */,
			);
			defaultConfigurationIsVisible = 0;
		};
/* End XCConfigurationList section */
	};
	rootObject = 0D70C8551967CFA10068CF18 /* Project object */;
}
