// !$*UTF8*$!
{
	archiveVersion = 1;
	classes = {
	};
	objectVersion = 46;
	objects = {

/* Begin PBXBuildFile section */
		5E83A3B819B18D5800D5466D /* main.m in Sources */ = {isa = PBXBuildFile; fileRef = 5E83A3B719B18D5800D5466D /* main.m */; };
		5E83A3BB19B18D5800D5466D /* AppDelegate.m in Sources */ = {isa = PBXBuildFile; fileRef = 5E83A3BA19B18D5800D5466D /* AppDelegate.m */; };
		5E83A3BD19B18D5800D5466D /* Images.xcassets in Resources */ = {isa = PBXBuildFile; fileRef = 5E83A3BC19B18D5800D5466D /* Images.xcassets */; };
		5E83A3C919B18D5800D5466D /* PanImageTests.m in Sources */ = {isa = PBXBuildFile; fileRef = 5E83A3C819B18D5800D5466D /* PanImageTests.m */; };
		5E83A3D419B18D7F00D5466D /* RootVC.m in Sources */ = {isa = PBXBuildFile; fileRef = 5E83A3D319B18D7F00D5466D /* RootVC.m */; };
		5E83A3D719B18EC200D5466D /* PanView.m in Sources */ = {isa = PBXBuildFile; fileRef = 5E83A3D619B18EC200D5466D /* PanView.m */; };
		5E83A3D919B1944800D5466D /* orangeFlower.png in Resources */ = {isa = PBXBuildFile; fileRef = 5E83A3D819B1944800D5466D /* orangeFlower.png */; };
/* End PBXBuildFile section */

/* Begin PBXContainerItemProxy section */
		5E83A3C319B18D5800D5466D /* PBXContainerItemProxy */ = {
			isa = PBXContainerItemProxy;
			containerPortal = 5E83A3AA19B18D5800D5466D /* Project object */;
			proxyType = 1;
			remoteGlobalIDString = 5E83A3B119B18D5800D5466D;
			remoteInfo = PanImage;
		};
/* End PBXContainerItemProxy section */

/* Begin PBXFileReference section */
		5E83A3B219B18D5800D5466D /* PanImage.app */ = {isa = PBXFileReference; explicitFileType = wrapper.application; includeInIndex = 0; path = PanImage.app; sourceTree = BUILT_PRODUCTS_DIR; };
		5E83A3B619B18D5800D5466D /* Info.plist */ = {isa = PBXFileReference; lastKnownFileType = text.plist.xml; path = Info.plist; sourceTree = "<group>"; };
		5E83A3B719B18D5800D5466D /* main.m */ = {isa = PBXFileReference; lastKnownFileType = sourcecode.c.objc; path = main.m; sourceTree = "<group>"; };
		5E83A3B919B18D5800D5466D /* AppDelegate.h */ = {isa = PBXFileReference; lastKnownFileType = sourcecode.c.h; path = AppDelegate.h; sourceTree = "<group>"; };
		5E83A3BA19B18D5800D5466D /* AppDelegate.m */ = {isa = PBXFileReference; lastKnownFileType = sourcecode.c.objc; path = AppDelegate.m; sourceTree = "<group>"; };
		5E83A3BC19B18D5800D5466D /* Images.xcassets */ = {isa = PBXFileReference; lastKnownFileType = folder.assetcatalog; path = Images.xcassets; sourceTree = "<group>"; };
		5E83A3C219B18D5800D5466D /* PanImageTests.xctest */ = {isa = PBXFileReference; explicitFileType = wrapper.cfbundle; includeInIndex = 0; path = PanImageTests.xctest; sourceTree = BUILT_PRODUCTS_DIR; };
		5E83A3C719B18D5800D5466D /* Info.plist */ = {isa = PBXFileReference; lastKnownFileType = text.plist.xml; path = Info.plist; sourceTree = "<group>"; };
		5E83A3C819B18D5800D5466D /* PanImageTests.m */ = {isa = PBXFileReference; lastKnownFileType = sourcecode.c.objc; path = PanImageTests.m; sourceTree = "<group>"; };
		5E83A3D219B18D7F00D5466D /* RootVC.h */ = {isa = PBXFileReference; fileEncoding = 4; lastKnownFileType = sourcecode.c.h; path = RootVC.h; sourceTree = "<group>"; };
		5E83A3D319B18D7F00D5466D /* RootVC.m */ = {isa = PBXFileReference; fileEncoding = 4; lastKnownFileType = sourcecode.c.objc; path = RootVC.m; sourceTree = "<group>"; };
		5E83A3D519B18EC200D5466D /* PanView.h */ = {isa = PBXFileReference; fileEncoding = 4; lastKnownFileType = sourcecode.c.h; path = PanView.h; sourceTree = "<group>"; };
		5E83A3D619B18EC200D5466D /* PanView.m */ = {isa = PBXFileReference; fileEncoding = 4; lastKnownFileType = sourcecode.c.objc; path = PanView.m; sourceTree = "<group>"; };
		5E83A3D819B1944800D5466D /* orangeFlower.png */ = {isa = PBXFileReference; lastKnownFileType = image.png; path = orangeFlower.png; sourceTree = "<group>"; };
/* End PBXFileReference section */

/* Begin PBXFrameworksBuildPhase section */
		5E83A3AF19B18D5800D5466D /* Frameworks */ = {
			isa = PBXFrameworksBuildPhase;
			buildActionMask = 2147483647;
			files = (
			);
			runOnlyForDeploymentPostprocessing = 0;
		};
		5E83A3BF19B18D5800D5466D /* Frameworks */ = {
			isa = PBXFrameworksBuildPhase;
			buildActionMask = 2147483647;
			files = (
			);
			runOnlyForDeploymentPostprocessing = 0;
		};
/* End PBXFrameworksBuildPhase section */

/* Begin PBXGroup section */
		5E83A3A919B18D5800D5466D = {
			isa = PBXGroup;
			children = (
				5E83A3B419B18D5800D5466D /* PanImage */,
				5E83A3C519B18D5800D5466D /* PanImageTests */,
				5E83A3B319B18D5800D5466D /* Products */,
			);
			sourceTree = "<group>";
		};
		5E83A3B319B18D5800D5466D /* Products */ = {
			isa = PBXGroup;
			children = (
				5E83A3B219B18D5800D5466D /* PanImage.app */,
				5E83A3C219B18D5800D5466D /* PanImageTests.xctest */,
			);
			name = Products;
			sourceTree = "<group>";
		};
		5E83A3B419B18D5800D5466D /* PanImage */ = {
			isa = PBXGroup;
			children = (
				5E83A3B919B18D5800D5466D /* AppDelegate.h */,
				5E83A3BA19B18D5800D5466D /* AppDelegate.m */,
				5E83A3D219B18D7F00D5466D /* RootVC.h */,
				5E83A3D319B18D7F00D5466D /* RootVC.m */,
				5E83A3D519B18EC200D5466D /* PanView.h */,
				5E83A3D619B18EC200D5466D /* PanView.m */,
				5E83A3D819B1944800D5466D /* orangeFlower.png */,
				5E83A3BC19B18D5800D5466D /* Images.xcassets */,
				5E83A3B519B18D5800D5466D /* Supporting Files */,
			);
			path = PanImage;
			sourceTree = "<group>";
		};
		5E83A3B519B18D5800D5466D /* Supporting Files */ = {
			isa = PBXGroup;
			children = (
				5E83A3B619B18D5800D5466D /* Info.plist */,
				5E83A3B719B18D5800D5466D /* main.m */,
			);
			name = "Supporting Files";
			sourceTree = "<group>";
		};
		5E83A3C519B18D5800D5466D /* PanImageTests */ = {
			isa = PBXGroup;
			children = (
				5E83A3C819B18D5800D5466D /* PanImageTests.m */,
				5E83A3C619B18D5800D5466D /* Supporting Files */,
			);
			path = PanImageTests;
			sourceTree = "<group>";
		};
		5E83A3C619B18D5800D5466D /* Supporting Files */ = {
			isa = PBXGroup;
			children = (
				5E83A3C719B18D5800D5466D /* Info.plist */,
			);
			name = "Supporting Files";
			sourceTree = "<group>";
		};
/* End PBXGroup section */

/* Begin PBXNativeTarget section */
		5E83A3B119B18D5800D5466D /* PanImage */ = {
			isa = PBXNativeTarget;
			buildConfigurationList = 5E83A3CC19B18D5800D5466D /* Build configuration list for PBXNativeTarget "PanImage" */;
			buildPhases = (
				5E83A3AE19B18D5800D5466D /* Sources */,
				5E83A3AF19B18D5800D5466D /* Frameworks */,
				5E83A3B019B18D5800D5466D /* Resources */,
			);
			buildRules = (
			);
			dependencies = (
			);
			name = PanImage;
			productName = PanImage;
			productReference = 5E83A3B219B18D5800D5466D /* PanImage.app */;
			productType = "com.apple.product-type.application";
		};
		5E83A3C119B18D5800D5466D /* PanImageTests */ = {
			isa = PBXNativeTarget;
			buildConfigurationList = 5E83A3CF19B18D5800D5466D /* Build configuration list for PBXNativeTarget "PanImageTests" */;
			buildPhases = (
				5E83A3BE19B18D5800D5466D /* Sources */,
				5E83A3BF19B18D5800D5466D /* Frameworks */,
				5E83A3C019B18D5800D5466D /* Resources */,
			);
			buildRules = (
			);
			dependencies = (
				5E83A3C419B18D5800D5466D /* PBXTargetDependency */,
			);
			name = PanImageTests;
			productName = PanImageTests;
			productReference = 5E83A3C219B18D5800D5466D /* PanImageTests.xctest */;
			productType = "com.apple.product-type.bundle.unit-test";
		};
/* End PBXNativeTarget section */

/* Begin PBXProject section */
		5E83A3AA19B18D5800D5466D /* Project object */ = {
			isa = PBXProject;
			attributes = {
				LastUpgradeCheck = 0600;
				ORGANIZATIONNAME = "Edward Salter";
				TargetAttributes = {
					5E83A3B119B18D5800D5466D = {
						CreatedOnToolsVersion = 6.0;
					};
					5E83A3C119B18D5800D5466D = {
						CreatedOnToolsVersion = 6.0;
						TestTargetID = 5E83A3B119B18D5800D5466D;
					};
				};
			};
			buildConfigurationList = 5E83A3AD19B18D5800D5466D /* Build configuration list for PBXProject "PanImage" */;
			compatibilityVersion = "Xcode 3.2";
			developmentRegion = English;
			hasScannedForEncodings = 0;
			knownRegions = (
				en,
			);
			mainGroup = 5E83A3A919B18D5800D5466D;
			productRefGroup = 5E83A3B319B18D5800D5466D /* Products */;
			projectDirPath = "";
			projectRoot = "";
			targets = (
				5E83A3B119B18D5800D5466D /* PanImage */,
				5E83A3C119B18D5800D5466D /* PanImageTests */,
			);
		};
/* End PBXProject section */

/* Begin PBXResourcesBuildPhase section */
		5E83A3B019B18D5800D5466D /* Resources */ = {
			isa = PBXResourcesBuildPhase;
			buildActionMask = 2147483647;
			files = (
				5E83A3D919B1944800D5466D /* orangeFlower.png in Resources */,
				5E83A3BD19B18D5800D5466D /* Images.xcassets in Resources */,
			);
			runOnlyForDeploymentPostprocessing = 0;
		};
		5E83A3C019B18D5800D5466D /* Resources */ = {
			isa = PBXResourcesBuildPhase;
			buildActionMask = 2147483647;
			files = (
			);
			runOnlyForDeploymentPostprocessing = 0;
		};
/* End PBXResourcesBuildPhase section */

/* Begin PBXSourcesBuildPhase section */
		5E83A3AE19B18D5800D5466D /* Sources */ = {
			isa = PBXSourcesBuildPhase;
			buildActionMask = 2147483647;
			files = (
				5E83A3D419B18D7F00D5466D /* RootVC.m in Sources */,
				5E83A3BB19B18D5800D5466D /* AppDelegate.m in Sources */,
				5E83A3D719B18EC200D5466D /* PanView.m in Sources */,
				5E83A3B819B18D5800D5466D /* main.m in Sources */,
			);
			runOnlyForDeploymentPostprocessing = 0;
		};
		5E83A3BE19B18D5800D5466D /* Sources */ = {
			isa = PBXSourcesBuildPhase;
			buildActionMask = 2147483647;
			files = (
				5E83A3C919B18D5800D5466D /* PanImageTests.m in Sources */,
			);
			runOnlyForDeploymentPostprocessing = 0;
		};
/* End PBXSourcesBuildPhase section */

/* Begin PBXTargetDependency section */
		5E83A3C419B18D5800D5466D /* PBXTargetDependency */ = {
			isa = PBXTargetDependency;
			target = 5E83A3B119B18D5800D5466D /* PanImage */;
			targetProxy = 5E83A3C319B18D5800D5466D /* PBXContainerItemProxy */;
		};
/* End PBXTargetDependency section */

/* Begin XCBuildConfiguration section */
		5E83A3CA19B18D5800D5466D /* Debug */ = {
			isa = XCBuildConfiguration;
			buildSettings = {
				ALWAYS_SEARCH_USER_PATHS = NO;
				CLANG_CXX_LANGUAGE_STANDARD = "gnu++0x";
				CLANG_CXX_LIBRARY = "libc++";
				CLANG_ENABLE_MODULES = YES;
				CLANG_ENABLE_OBJC_ARC = YES;
				CLANG_WARN_BOOL_CONVERSION = YES;
				CLANG_WARN_CONSTANT_CONVERSION = YES;
				CLANG_WARN_DIRECT_OBJC_ISA_USAGE = YES_ERROR;
				CLANG_WARN_EMPTY_BODY = YES;
				CLANG_WARN_ENUM_CONVERSION = YES;
				CLANG_WARN_INT_CONVERSION = YES;
				CLANG_WARN_OBJC_ROOT_CLASS = YES_ERROR;
				CLANG_WARN_UNREACHABLE_CODE = YES;
				CLANG_WARN__DUPLICATE_METHOD_MATCH = YES;
				"CODE_SIGN_IDENTITY[sdk=iphoneos*]" = "iPhone Developer";
				COPY_PHASE_STRIP = NO;
				ENABLE_STRICT_OBJC_MSGSEND = YES;
				GCC_C_LANGUAGE_STANDARD = gnu99;
				GCC_DYNAMIC_NO_PIC = NO;
				GCC_OPTIMIZATION_LEVEL = 0;
				GCC_PREPROCESSOR_DEFINITIONS = (
					"DEBUG=1",
					"$(inherited)",
				);
				GCC_SYMBOLS_PRIVATE_EXTERN = NO;
				GCC_WARN_64_TO_32_BIT_CONVERSION = YES;
				GCC_WARN_ABOUT_RETURN_TYPE = YES_ERROR;
				GCC_WARN_UNDECLARED_SELECTOR = YES;
				GCC_WARN_UNINITIALIZED_AUTOS = YES_AGGRESSIVE;
				GCC_WARN_UNUSED_FUNCTION = YES;
				GCC_WARN_UNUSED_VARIABLE = YES;
				IPHONEOS_DEPLOYMENT_TARGET = 8.0;
				MTL_ENABLE_DEBUG_INFO = YES;
				ONLY_ACTIVE_ARCH = YES;
				SDKROOT = iphoneos;
			};
			name = Debug;
		};
		5E83A3CB19B18D5800D5466D /* Release */ = {
			isa = XCBuildConfiguration;
			buildSettings = {
				ALWAYS_SEARCH_USER_PATHS = NO;
				CLANG_CXX_LANGUAGE_STANDARD = "gnu++0x";
				CLANG_CXX_LIBRARY = "libc++";
				CLANG_ENABLE_MODULES = YES;
				CLANG_ENABLE_OBJC_ARC = YES;
				CLANG_WARN_BOOL_CONVERSION = YES;
				CLANG_WARN_CONSTANT_CONVERSION = YES;
				CLANG_WARN_DIRECT_OBJC_ISA_USAGE = YES_ERROR;
				CLANG_WARN_EMPTY_BODY = YES;
				CLANG_WARN_ENUM_CONVERSION = YES;
				CLANG_WARN_INT_CONVERSION = YES;
				CLANG_WARN_OBJC_ROOT_CLASS = YES_ERROR;
				CLANG_WARN_UNREACHABLE_CODE = YES;
				CLANG_WARN__DUPLICATE_METHOD_MATCH = YES;
				"CODE_SIGN_IDENTITY[sdk=iphoneos*]" = "iPhone Developer";
				COPY_PHASE_STRIP = YES;
				ENABLE_NS_ASSERTIONS = NO;
				ENABLE_STRICT_OBJC_MSGSEND = YES;
				GCC_C_LANGUAGE_STANDARD = gnu99;
				GCC_WARN_64_TO_32_BIT_CONVERSION = YES;
				GCC_WARN_ABOUT_RETURN_TYPE = YES_ERROR;
				GCC_WARN_UNDECLARED_SELECTOR = YES;
				GCC_WARN_UNINITIALIZED_AUTOS = YES_AGGRESSIVE;
				GCC_WARN_UNUSED_FUNCTION = YES;
				GCC_WARN_UNUSED_VARIABLE = YES;
				IPHONEOS_DEPLOYMENT_TARGET = 8.0;
				MTL_ENABLE_DEBUG_INFO = NO;
				SDKROOT = iphoneos;
				VALIDATE_PRODUCT = YES;
			};
			name = Release;
		};
		5E83A3CD19B18D5800D5466D /* Debug */ = {
			isa = XCBuildConfiguration;
			buildSettings = {
				ASSETCATALOG_COMPILER_APPICON_NAME = AppIcon;
				ASSETCATALOG_COMPILER_LAUNCHIMAGE_NAME = LaunchImage;
				INFOPLIST_FILE = PanImage/Info.plist;
				LD_RUNPATH_SEARCH_PATHS = "$(inherited) @executable_path/Frameworks";
				PRODUCT_NAME = "$(TARGET_NAME)";
			};
			name = Debug;
		};
		5E83A3CE19B18D5800D5466D /* Release */ = {
			isa = XCBuildConfiguration;
			buildSettings = {
				ASSETCATALOG_COMPILER_APPICON_NAME = AppIcon;
				ASSETCATALOG_COMPILER_LAUNCHIMAGE_NAME = LaunchImage;
				INFOPLIST_FILE = PanImage/Info.plist;
				LD_RUNPATH_SEARCH_PATHS = "$(inherited) @executable_path/Frameworks";
				PRODUCT_NAME = "$(TARGET_NAME)";
			};
			name = Release;
		};
		5E83A3D019B18D5800D5466D /* Debug */ = {
			isa = XCBuildConfiguration;
			buildSettings = {
				BUNDLE_LOADER = "$(TEST_HOST)";
				FRAMEWORK_SEARCH_PATHS = (
					"$(SDKROOT)/Developer/Library/Frameworks",
					"$(inherited)",
				);
				GCC_PREPROCESSOR_DEFINITIONS = (
					"DEBUG=1",
					"$(inherited)",
				);
				INFOPLIST_FILE = PanImageTests/Info.plist;
				LD_RUNPATH_SEARCH_PATHS = "$(inherited) @executable_path/Frameworks @loader_path/Frameworks";
				PRODUCT_NAME = "$(TARGET_NAME)";
				TEST_HOST = "$(BUILT_PRODUCTS_DIR)/PanImage.app/PanImage";
			};
			name = Debug;
		};
		5E83A3D119B18D5800D5466D /* Release */ = {
			isa = XCBuildConfiguration;
			buildSettings = {
				BUNDLE_LOADER = "$(TEST_HOST)";
				FRAMEWORK_SEARCH_PATHS = (
					"$(SDKROOT)/Developer/Library/Frameworks",
					"$(inherited)",
				);
				INFOPLIST_FILE = PanImageTests/Info.plist;
				LD_RUNPATH_SEARCH_PATHS = "$(inherited) @executable_path/Frameworks @loader_path/Frameworks";
				PRODUCT_NAME = "$(TARGET_NAME)";
				TEST_HOST = "$(BUILT_PRODUCTS_DIR)/PanImage.app/PanImage";
			};
			name = Release;
		};
/* End XCBuildConfiguration section */

/* Begin XCConfigurationList section */
		5E83A3AD19B18D5800D5466D /* Build configuration list for PBXProject "PanImage" */ = {
			isa = XCConfigurationList;
			buildConfigurations = (
				5E83A3CA19B18D5800D5466D /* Debug */,
				5E83A3CB19B18D5800D5466D /* Release */,
			);
			defaultConfigurationIsVisible = 0;
			defaultConfigurationName = Release;
		};
		5E83A3CC19B18D5800D5466D /* Build configuration list for PBXNativeTarget "PanImage" */ = {
			isa = XCConfigurationList;
			buildConfigurations = (
				5E83A3CD19B18D5800D5466D /* Debug */,
				5E83A3CE19B18D5800D5466D /* Release */,
			);
			defaultConfigurationIsVisible = 0;
		};
		5E83A3CF19B18D5800D5466D /* Build configuration list for PBXNativeTarget "PanImageTests" */ = {
			isa = XCConfigurationList;
			buildConfigurations = (
				5E83A3D019B18D5800D5466D /* Debug */,
				5E83A3D119B18D5800D5466D /* Release */,
			);
			defaultConfigurationIsVisible = 0;
		};
/* End XCConfigurationList section */
	};
	rootObject = 5E83A3AA19B18D5800D5466D /* Project object */;
}
